PODS:
  - Kingfisher (4.7.0)
  - SiberianSwift (1.0.10)
  - SiberianVIPER (3.0.2)

DEPENDENCIES:
  - Kingfisher
  - SiberianSwift
  - SiberianVIPER

SPEC REPOS:
  https://github.com/CocoaPods/Specs.git:
    - Kingfisher
    - SiberianSwift
    - SiberianVIPER

SPEC CHECKSUMS:
  Kingfisher: da6b005aa96d37698e3e4f1ccfe96a5b9bbf27d6
  SiberianSwift: e2dd6a922a782225e173c3b755282bf13f83fd72
  SiberianVIPER: b070e4bd677b7894aa4756beefc1ace978dc48a0

PODFILE CHECKSUM: 0fedfbf6eaa13457e7a069acd2efc339984cc356

COCOAPODS: 1.5.0
